
Microsoft Visual Studio Solution File, Format Version 12.00
# Visual Studio Version 17
VisualStudioVersion = 17.4.33015.44
MinimumVisualStudioVersion = 10.0.40219.1
Project("{9A19103F-16F7-4668-BE54-9A1E7A4F7556}") = "CRMBlazor", "CRM\CRMBlazor.csproj", "{917FA3F2-B32A-4E56-B2B6-3195A7AC69CB}"
EndProject
Project("{2150E333-8FDC-42A3-9474-1A3956D46DE8}") = "src", "src", "{468DAC9E-D140-4EC6-B886-A1B0ABF8DA65}"
EndProject
Project("{2150E333-8FDC-42A3-9474-1A3956D46DE8}") = "Presentation", "Presentation", "{DF31F566-94B7-45DD-B906-6BB2D2A64A18}"
EndProject
Project("{FAE04EC0-301F-11D3-BF4B-00C04F79EFBC}") = "CRMBlazorUI.Server", "CRMBlazorUI\Server\CRMBlazorUI.Server.csproj", "{62ACED63-812D-41B5-9434-3DB993EEC0DE}"
EndProject
Project("{FAE04EC0-301F-11D3-BF4B-00C04F79EFBC}") = "CRMBlazorUI.Client", "CRMBlazorUI\Client\CRMBlazorUI.Client.csproj", "{5D9A4D31-D135-4E4C-8AFB-6988B0E915A3}"
EndProject
Project("{FAE04EC0-301F-11D3-BF4B-00C04F79EFBC}") = "CRMBlazorUI.Shared", "CRMBlazorUI\Shared\CRMBlazorUI.Shared.csproj", "{93D73147-28D0-4BAA-A4BB-AEFB430377A2}"
EndProject
Project("{2150E333-8FDC-42A3-9474-1A3956D46DE8}") = "Domain", "Domain", "{E064F4E3-E7C1-45D3-ABAF-FD1071CF1626}"
EndProject
Project("{2150E333-8FDC-42A3-9474-1A3956D46DE8}") = "Application", "Application", "{C8F8FF16-D9B2-4A85-A4ED-CAB0BE5BFB77}"
EndProject
Project("{2150E333-8FDC-42A3-9474-1A3956D46DE8}") = "Infrastructure", "Infrastructure", "{C195EAB6-88ED-44F4-A8EC-7BE994FC6981}"
EndProject
Project("{2150E333-8FDC-42A3-9474-1A3956D46DE8}") = "Shared", "Shared", "{11D7869B-AD7B-4F05-A1CC-EA090D9EF8CD}"
EndProject
Project("{FAE04EC0-301F-11D3-BF4B-00C04F79EFBC}") = "CRMBlazor.Domain", "CRMBlazor.Domain\CRMBlazor.Domain.csproj", "{3DDF006C-026B-494F-881B-62633FAB2B9A}"
EndProject
Project("{FAE04EC0-301F-11D3-BF4B-00C04F79EFBC}") = "CRMBlazor.Application", "CRMBlazor.Application\CRMBlazor.Application.csproj", "{CA6D7A80-11C5-4FE8-B293-0CB55DA57CAD}"
EndProject
Project("{FAE04EC0-301F-11D3-BF4B-00C04F79EFBC}") = "CRMBlazor.Infrastructure", "CRMBlazor.Infrastructure\CRMBlazor.Infrastructure.csproj", "{0B5339A5-488A-4BB2-A19D-D589D34FC3BA}"
EndProject
Project("{FAE04EC0-301F-11D3-BF4B-00C04F79EFBC}") = "CRMBlazor.Shared", "CRMBlazor.Shared\CRMBlazor.Shared.csproj", "{96EDB02B-F84D-4553-80AF-109E59B42E47}"
EndProject
Global
	GlobalSection(SolutionConfigurationPlatforms) = preSolution
		Debug|Any CPU = Debug|Any CPU
		Release|Any CPU = Release|Any CPU
	EndGlobalSection
	GlobalSection(ProjectConfigurationPlatforms) = postSolution
		{917FA3F2-B32A-4E56-B2B6-3195A7AC69CB}.Debug|Any CPU.ActiveCfg = Debug|Any CPU
		{917FA3F2-B32A-4E56-B2B6-3195A7AC69CB}.Debug|Any CPU.Build.0 = Debug|Any CPU
		{917FA3F2-B32A-4E56-B2B6-3195A7AC69CB}.Release|Any CPU.ActiveCfg = Release|Any CPU
		{917FA3F2-B32A-4E56-B2B6-3195A7AC69CB}.Release|Any CPU.Build.0 = Release|Any CPU
		{62ACED63-812D-41B5-9434-3DB993EEC0DE}.Debug|Any CPU.ActiveCfg = Debug|Any CPU
		{62ACED63-812D-41B5-9434-3DB993EEC0DE}.Debug|Any CPU.Build.0 = Debug|Any CPU
		{62ACED63-812D-41B5-9434-3DB993EEC0DE}.Release|Any CPU.ActiveCfg = Release|Any CPU
		{62ACED63-812D-41B5-9434-3DB993EEC0DE}.Release|Any CPU.Build.0 = Release|Any CPU
		{5D9A4D31-D135-4E4C-8AFB-6988B0E915A3}.Debug|Any CPU.ActiveCfg = Debug|Any CPU
		{5D9A4D31-D135-4E4C-8AFB-6988B0E915A3}.Debug|Any CPU.Build.0 = Debug|Any CPU
		{5D9A4D31-D135-4E4C-8AFB-6988B0E915A3}.Release|Any CPU.ActiveCfg = Release|Any CPU
		{5D9A4D31-D135-4E4C-8AFB-6988B0E915A3}.Release|Any CPU.Build.0 = Release|Any CPU
		{93D73147-28D0-4BAA-A4BB-AEFB430377A2}.Debug|Any CPU.ActiveCfg = Debug|Any CPU
		{93D73147-28D0-4BAA-A4BB-AEFB430377A2}.Debug|Any CPU.Build.0 = Debug|Any CPU
		{93D73147-28D0-4BAA-A4BB-AEFB430377A2}.Release|Any CPU.ActiveCfg = Release|Any CPU
		{93D73147-28D0-4BAA-A4BB-AEFB430377A2}.Release|Any CPU.Build.0 = Release|Any CPU
		{3DDF006C-026B-494F-881B-62633FAB2B9A}.Debug|Any CPU.ActiveCfg = Debug|Any CPU
		{3DDF006C-026B-494F-881B-62633FAB2B9A}.Debug|Any CPU.Build.0 = Debug|Any CPU
		{3DDF006C-026B-494F-881B-62633FAB2B9A}.Release|Any CPU.ActiveCfg = Release|Any CPU
		{3DDF006C-026B-494F-881B-62633FAB2B9A}.Release|Any CPU.Build.0 = Release|Any CPU
		{CA6D7A80-11C5-4FE8-B293-0CB55DA57CAD}.Debug|Any CPU.ActiveCfg = Debug|Any CPU
		{CA6D7A80-11C5-4FE8-B293-0CB55DA57CAD}.Debug|Any CPU.Build.0 = Debug|Any CPU
		{CA6D7A80-11C5-4FE8-B293-0CB55DA57CAD}.Release|Any CPU.ActiveCfg = Release|Any CPU
		{CA6D7A80-11C5-4FE8-B293-0CB55DA57CAD}.Release|Any CPU.Build.0 = Release|Any CPU
		{0B5339A5-488A-4BB2-A19D-D589D34FC3BA}.Debug|Any CPU.ActiveCfg = Debug|Any CPU
		{0B5339A5-488A-4BB2-A19D-D589D34FC3BA}.Debug|Any CPU.Build.0 = Debug|Any CPU
		{0B5339A5-488A-4BB2-A19D-D589D34FC3BA}.Release|Any CPU.ActiveCfg = Release|Any CPU
		{0B5339A5-488A-4BB2-A19D-D589D34FC3BA}.Release|Any CPU.Build.0 = Release|Any CPU
		{96EDB02B-F84D-4553-80AF-109E59B42E47}.Debug|Any CPU.ActiveCfg = Debug|Any CPU
		{96EDB02B-F84D-4553-80AF-109E59B42E47}.Debug|Any CPU.Build.0 = Debug|Any CPU
		{96EDB02B-F84D-4553-80AF-109E59B42E47}.Release|Any CPU.ActiveCfg = Release|Any CPU
		{96EDB02B-F84D-4553-80AF-109E59B42E47}.Release|Any CPU.Build.0 = Release|Any CPU
	EndGlobalSection
	GlobalSection(SolutionProperties) = preSolution
		HideSolutionNode = FALSE
	EndGlobalSection
	GlobalSection(NestedProjects) = preSolution
		{917FA3F2-B32A-4E56-B2B6-3195A7AC69CB} = {DF31F566-94B7-45DD-B906-6BB2D2A64A18}
		{DF31F566-94B7-45DD-B906-6BB2D2A64A18} = {468DAC9E-D140-4EC6-B886-A1B0ABF8DA65}
		{62ACED63-812D-41B5-9434-3DB993EEC0DE} = {DF31F566-94B7-45DD-B906-6BB2D2A64A18}
		{5D9A4D31-D135-4E4C-8AFB-6988B0E915A3} = {DF31F566-94B7-45DD-B906-6BB2D2A64A18}
		{93D73147-28D0-4BAA-A4BB-AEFB430377A2} = {DF31F566-94B7-45DD-B906-6BB2D2A64A18}
		{E064F4E3-E7C1-45D3-ABAF-FD1071CF1626} = {468DAC9E-D140-4EC6-B886-A1B0ABF8DA65}
		{C8F8FF16-D9B2-4A85-A4ED-CAB0BE5BFB77} = {468DAC9E-D140-4EC6-B886-A1B0ABF8DA65}
		{C195EAB6-88ED-44F4-A8EC-7BE994FC6981} = {468DAC9E-D140-4EC6-B886-A1B0ABF8DA65}
		{11D7869B-AD7B-4F05-A1CC-EA090D9EF8CD} = {468DAC9E-D140-4EC6-B886-A1B0ABF8DA65}
		{3DDF006C-026B-494F-881B-62633FAB2B9A} = {E064F4E3-E7C1-45D3-ABAF-FD1071CF1626}
		{CA6D7A80-11C5-4FE8-B293-0CB55DA57CAD} = {C8F8FF16-D9B2-4A85-A4ED-CAB0BE5BFB77}
		{0B5339A5-488A-4BB2-A19D-D589D34FC3BA} = {C195EAB6-88ED-44F4-A8EC-7BE994FC6981}
		{96EDB02B-F84D-4553-80AF-109E59B42E47} = {11D7869B-AD7B-4F05-A1CC-EA090D9EF8CD}
	EndGlobalSection
	GlobalSection(ExtensibilityGlobals) = postSolution
		SolutionGuid = {20F2D598-1D8E-4585-B108-1E42E62F6AEC}
	EndGlobalSection
EndGlobal
